
Microsoft Visual Studio Solution File, Format Version 12.00
# Visual Studio Version 17
VisualStudioVersion = 17.14.36623.8 d17.14
MinimumVisualStudioVersion = 10.0.40219.1
Project("{FAE04EC0-301F-11D3-BF4B-00C04F79EFBC}") = "ControleEstoque.Api", "ControleEstoque.Api\ControleEstoque.Api.csproj", "{56A2A11E-1EF7-422B-B8B4-C5AC0C283605}"
EndProject
Project("{FAE04EC0-301F-11D3-BF4B-00C04F79EFBC}") = "ControleEstoque.Application", "ControleEstoque.Application\ControleEstoque.Application.csproj", "{6C8423FA-F661-4C89-BA44-48FC573E716B}"
EndProject
Project("{FAE04EC0-301F-11D3-BF4B-00C04F79EFBC}") = "ControleEstoque.Domain", "ControleEstoque.Domain\ControleEstoque.Domain.csproj", "{1A7F1085-7956-4C3E-8EF6-75B53CDAD8CC}"
EndProject
Project("{FAE04EC0-301F-11D3-BF4B-00C04F79EFBC}") = "ControleEstoque.Infrastructure", "ControleEstoque.Infrastructure\ControleEstoque.Infrastructure.csproj", "{B2054C88-0416-4C28-8BCD-703B4A6E6F11}"
EndProject
Project("{FAE04EC0-301F-11D3-BF4B-00C04F79EFBC}") = "ControleEstoque.Shared", "ControleEstoque.Shared\ControleEstoque.Shared.csproj", "{C74A0315-1745-4431-842E-AB8B8198E226}"
EndProject
Global
	GlobalSection(SolutionConfigurationPlatforms) = preSolution
		Debug|Any CPU = Debug|Any CPU
		Release|Any CPU = Release|Any CPU
	EndGlobalSection
	GlobalSection(ProjectConfigurationPlatforms) = postSolution
		{56A2A11E-1EF7-422B-B8B4-C5AC0C283605}.Debug|Any CPU.ActiveCfg = Debug|Any CPU
		{56A2A11E-1EF7-422B-B8B4-C5AC0C283605}.Debug|Any CPU.Build.0 = Debug|Any CPU
		{56A2A11E-1EF7-422B-B8B4-C5AC0C283605}.Release|Any CPU.ActiveCfg = Release|Any CPU
		{56A2A11E-1EF7-422B-B8B4-C5AC0C283605}.Release|Any CPU.Build.0 = Release|Any CPU
		{6C8423FA-F661-4C89-BA44-48FC573E716B}.Debug|Any CPU.ActiveCfg = Debug|Any CPU
		{6C8423FA-F661-4C89-BA44-48FC573E716B}.Debug|Any CPU.Build.0 = Debug|Any CPU
		{6C8423FA-F661-4C89-BA44-48FC573E716B}.Release|Any CPU.ActiveCfg = Release|Any CPU
		{6C8423FA-F661-4C89-BA44-48FC573E716B}.Release|Any CPU.Build.0 = Release|Any CPU
		{1A7F1085-7956-4C3E-8EF6-75B53CDAD8CC}.Debug|Any CPU.ActiveCfg = Debug|Any CPU
		{1A7F1085-7956-4C3E-8EF6-75B53CDAD8CC}.Debug|Any CPU.Build.0 = Debug|Any CPU
		{1A7F1085-7956-4C3E-8EF6-75B53CDAD8CC}.Release|Any CPU.ActiveCfg = Release|Any CPU
		{1A7F1085-7956-4C3E-8EF6-75B53CDAD8CC}.Release|Any CPU.Build.0 = Release|Any CPU
		{B2054C88-0416-4C28-8BCD-703B4A6E6F11}.Debug|Any CPU.ActiveCfg = Debug|Any CPU
		{B2054C88-0416-4C28-8BCD-703B4A6E6F11}.Debug|Any CPU.Build.0 = Debug|Any CPU
		{B2054C88-0416-4C28-8BCD-703B4A6E6F11}.Release|Any CPU.ActiveCfg = Release|Any CPU
		{B2054C88-0416-4C28-8BCD-703B4A6E6F11}.Release|Any CPU.Build.0 = Release|Any CPU
		{C74A0315-1745-4431-842E-AB8B8198E226}.Debug|Any CPU.ActiveCfg = Debug|Any CPU
		{C74A0315-1745-4431-842E-AB8B8198E226}.Debug|Any CPU.Build.0 = Debug|Any CPU
		{C74A0315-1745-4431-842E-AB8B8198E226}.Release|Any CPU.ActiveCfg = Release|Any CPU
		{C74A0315-1745-4431-842E-AB8B8198E226}.Release|Any CPU.Build.0 = Release|Any CPU
	EndGlobalSection
	GlobalSection(SolutionProperties) = preSolution
		HideSolutionNode = FALSE
	EndGlobalSection
	GlobalSection(ExtensibilityGlobals) = postSolution
		SolutionGuid = {F1D481A0-08A0-468B-B850-2759D4B207FD}
	EndGlobalSection
EndGlobal
